
Microsoft Visual Studio Solution File, Format Version 12.00
# Visual Studio 2013
Project("{FAE04EC0-301F-11D3-BF4B-00C04F79EFBC}") = "UnityVS.GameProgramming.CSharp", "UnityVS.GameProgramming.CSharp.csproj", "{E44D0FC8-1349-1E56-D054-5A73487AD4CE}"
EndProject
Global
	GlobalSection(SolutionConfigurationPlatforms) = preSolution
		Debug|Any CPU = Debug|Any CPU
		Release|Any CPU = Release|Any CPU
	EndGlobalSection
	GlobalSection(ProjectConfigurationPlatforms) = postSolution
		{E44D0FC8-1349-1E56-D054-5A73487AD4CE}.Debug|Any CPU.ActiveCfg = Debug|Any CPU
		{E44D0FC8-1349-1E56-D054-5A73487AD4CE}.Debug|Any CPU.Build.0 = Debug|Any CPU
		{E44D0FC8-1349-1E56-D054-5A73487AD4CE}.Release|Any CPU.ActiveCfg = Release|Any CPU
		{E44D0FC8-1349-1E56-D054-5A73487AD4CE}.Release|Any CPU.Build.0 = Release|Any CPU
	EndGlobalSection
	GlobalSection(SolutionProperties) = preSolution
		HideSolutionNode = FALSE
	EndGlobalSection
EndGlobal
