
Microsoft Visual Studio Solution File, Format Version 12.00
# Visual Studio 15
VisualStudioVersion = 15.0.27428.2015
MinimumVisualStudioVersion = 10.0.40219.1
Project("{FAE04EC0-301F-11D3-BF4B-00C04F79EFBC}") = "MonoGameLibrary", "MonoGameLibrary\MonoGameLibrary.csproj", "{AAD7C5C6-AA67-45C6-8B7C-22906FA79E9E}"
EndProject
Project("{FAE04EC0-301F-11D3-BF4B-00C04F79EFBC}") = "SimpleUpdateMovement", "SimpleUpdateMovement\SimpleUpdateMovement.csproj", "{53949F64-9A7F-4921-8FE6-C3B4FFC661F3}"
EndProject
Project("{FAE04EC0-301F-11D3-BF4B-00C04F79EFBC}") = "SimpleUpdateMovementWState", "SimpleUpdateMovementWState\SimpleUpdateMovementWState.csproj", "{EF806BA6-6CAC-4588-A1F3-0DA0BA11E678}"
EndProject
Project("{FAE04EC0-301F-11D3-BF4B-00C04F79EFBC}") = "SimpleMovementWGravity", "SimpleMovementWGravity\SimpleMovementWGravity.csproj", "{6987879B-44B4-461C-855B-761E9FD68B4D}"
EndProject
Project("{2150E333-8FDC-42A3-9474-1A3956D46DE8}") = "Week1", "Week1", "{FEB47EE1-574B-4C1F-B02F-8F5E09F1D665}"
EndProject
Project("{2150E333-8FDC-42A3-9474-1A3956D46DE8}") = "Week2", "Week2", "{7E7B9E08-7013-427D-AF93-E2E7DB141B4A}"
EndProject
Project("{FAE04EC0-301F-11D3-BF4B-00C04F79EFBC}") = "SimpleMovementJump", "SimpleMovementJump\SimpleMovementJump.csproj", "{FD912488-134B-46F0-AB29-C369C6FF60E3}"
EndProject
Project("{2150E333-8FDC-42A3-9474-1A3956D46DE8}") = "Console", "Console", "{EAF6B06E-14C8-42BE-85C4-DD1A305AB790}"
EndProject
Project("{2150E333-8FDC-42A3-9474-1A3956D46DE8}") = "Week3", "Week3", "{151A83BF-4331-4A5F-AF23-E6EE77E0A4CE}"
EndProject
Project("{FAE04EC0-301F-11D3-BF4B-00C04F79EFBC}") = "SpritebatchOptions", "SpritebatchOptions\SpritebatchOptions.csproj", "{48AE92EC-4CB5-474D-B9D1-5EF6DCCF47F4}"
EndProject
Project("{2150E333-8FDC-42A3-9474-1A3956D46DE8}") = "Week4", "Week4", "{1E337B71-FD70-43CA-B79E-C52F03D0EC45}"
EndProject
Project("{FAE04EC0-301F-11D3-BF4B-00C04F79EFBC}") = "PacManSprite2Component", "PacManSprite2Component\PacManSprite2Component.csproj", "{773138DC-4A06-4A35-AC7B-55289DCB9F4D}"
EndProject
Project("{FAE04EC0-301F-11D3-BF4B-00C04F79EFBC}") = "SimpleMovementWRotate", "SimpleMovementWRotate\SimpleMovementWRotate.csproj", "{CED78F4E-3D5F-43CC-99D4-1FD5FE6FF539}"
EndProject
Project("{FAE04EC0-301F-11D3-BF4B-00C04F79EFBC}") = "GameComponents", "GameComponents\GameComponents.csproj", "{AD3A7FB4-2193-4F9A-9523-7C5DB42C5D06}"
EndProject
Project("{FAE04EC0-301F-11D3-BF4B-00C04F79EFBC}") = "FPS", "FPS\FPS.csproj", "{7B7242A0-2312-40AB-A927-735D7E49CA88}"
EndProject
Project("{2150E333-8FDC-42A3-9474-1A3956D46DE8}") = "Week5", "Week5", "{7FC887F7-D0D5-4334-B53C-DC10810D8666}"
EndProject
Project("{FAE04EC0-301F-11D3-BF4B-00C04F79EFBC}") = "PacManComponentFromLibrary", "PacManComponentFromLibrary\PacManComponentFromLibrary.csproj", "{0648AB7E-F75C-45A1-BB9F-D974AA21AE85}"
EndProject
Project("{FAE04EC0-301F-11D3-BF4B-00C04F79EFBC}") = "JumpToWin", "JumpToWin\JumpToWin.csproj", "{F49695B1-0880-4161-BE4B-2DC39C6FA78B}"
EndProject
Project("{FAE04EC0-301F-11D3-BF4B-00C04F79EFBC}") = "Collision", "Collision\Collision.csproj", "{D5176F3B-A082-47FD-9787-25A575ED873E}"
EndProject
Project("{FAE04EC0-301F-11D3-BF4B-00C04F79EFBC}") = "ConsoleApplicationSingleton", "ConsoleApplicationSingleton\ConsoleApplicationSingleton.csproj", "{770A3FD2-FBAE-4D33-9C39-71083480315F}"
EndProject
Project("{2150E333-8FDC-42A3-9474-1A3956D46DE8}") = "Week6", "Week6", "{13E3B565-E401-4C23-9663-DCF485D8B565}"
EndProject
Project("{FAE04EC0-301F-11D3-BF4B-00C04F79EFBC}") = "PacManGameComponent", "PacManGameComponent\PacManGameComponent.csproj", "{4C55A58C-E80E-4151-88E1-28AF532FFBF9}"
EndProject
Project("{2150E333-8FDC-42A3-9474-1A3956D46DE8}") = "Week7", "Week7", "{779D7974-DE7E-47D0-BDF6-6E57AFB4D128}"
EndProject
Project("{FAE04EC0-301F-11D3-BF4B-00C04F79EFBC}") = "MonogamePacMan", "MonogamePacMan\MonogamePacMan.csproj", "{71936C9C-BA14-43E9-BFE6-381D3123AB22}"
EndProject
Project("{FAE04EC0-301F-11D3-BF4B-00C04F79EFBC}") = "MonogameGhost", "MonogameGhost\MonogameGhost.csproj", "{736DB662-F73D-495D-BD78-24DE9E4DF46F}"
EndProject
Project("{FAE04EC0-301F-11D3-BF4B-00C04F79EFBC}") = "PacManGame", "PacManGame\PacManGame.csproj", "{E3316241-3748-449C-B492-1DF0A5F78C37}"
EndProject
Project("{FAE04EC0-301F-11D3-BF4B-00C04F79EFBC}") = "Spawner", "Spawner\Spawner.csproj", "{B46D7C37-C17D-4CB5-9D7D-4FFB6BFB2C90}"
EndProject
Project("{FAE04EC0-301F-11D3-BF4B-00C04F79EFBC}") = "ShotManager", "ShotManager\ShotManager.csproj", "{D1294335-BAC7-4E3E-924C-0BECF69C98F5}"
EndProject
Project("{2150E333-8FDC-42A3-9474-1A3956D46DE8}") = "Audio", "Audio", "{A0D08C54-DCE5-4607-98C5-F3165A83600C}"
EndProject
Project("{FAE04EC0-301F-11D3-BF4B-00C04F79EFBC}") = "AudioSimple", "AudioSimple\AudioSimple.csproj", "{8D0FEF4D-C13C-46E5-97E0-C2864B961DB1}"
EndProject
Project("{FAE04EC0-301F-11D3-BF4B-00C04F79EFBC}") = "Animation", "Animation\Animation.csproj", "{7BF6C1DF-3BAD-4568-8BC8-FA07941ECBAE}"
EndProject
Project("{FAE04EC0-301F-11D3-BF4B-00C04F79EFBC}") = "AnimationSimple", "AnimationSimple\AnimationSimple.csproj", "{E0135851-F756-4FEE-A77D-DB98C71F0157}"
EndProject
Project("{FAE04EC0-301F-11D3-BF4B-00C04F79EFBC}") = "PacManWeaponsStrategy", "PacManWeaponsStrategy\PacManWeaponsStrategy.csproj", "{612C5ACC-D264-45EA-AB00-F5E2B5643055}"
EndProject
Project("{2150E333-8FDC-42A3-9474-1A3956D46DE8}") = "Other", "Other", "{91779B93-EE10-44CF-92C8-70B76E6FD0DD}"
EndProject
Project("{FAE04EC0-301F-11D3-BF4B-00C04F79EFBC}") = "AngleAiming", "AngleAiming\AngleAiming.csproj", "{D133AD70-4339-49E1-AB07-B9518CCC3AB0}"
EndProject
Project("{FAE04EC0-301F-11D3-BF4B-00C04F79EFBC}") = "ScrollingBackgound", "ScrollingBackgound\ScrollingBackgound.csproj", "{6E5A9753-9803-428C-8FEC-387E960CF8F5}"
EndProject
Project("{FAE04EC0-301F-11D3-BF4B-00C04F79EFBC}") = "ConsoleApplicationObserver", "ConsoleApplicationObserver\ConsoleApplicationObserver.csproj", "{CD02E043-B1B5-47DB-B373-3A507477E848}"
EndProject
Project("{FAE04EC0-301F-11D3-BF4B-00C04F79EFBC}") = "MGObserver", "MGObserver\MGObserver.csproj", "{5A18E11C-FBBF-4752-90C2-4898DA689538}"
EndProject
Project("{FAE04EC0-301F-11D3-BF4B-00C04F79EFBC}") = "FontsAndTexture2D", "FontsAndTexture2D\FontsAndTexture2D.csproj", "{1058F92B-7311-42F0-92B9-D91A801F823B}"
EndProject
Global
	GlobalSection(SolutionConfigurationPlatforms) = preSolution
		Debug|Any CPU = Debug|Any CPU
		Debug|Mixed Platforms = Debug|Mixed Platforms
		Debug|x86 = Debug|x86
		Release|Any CPU = Release|Any CPU
		Release|Mixed Platforms = Release|Mixed Platforms
		Release|x86 = Release|x86
	EndGlobalSection
	GlobalSection(ProjectConfigurationPlatforms) = postSolution
		{AAD7C5C6-AA67-45C6-8B7C-22906FA79E9E}.Debug|Any CPU.ActiveCfg = Debug|x86
		{AAD7C5C6-AA67-45C6-8B7C-22906FA79E9E}.Debug|Mixed Platforms.ActiveCfg = Debug|x86
		{AAD7C5C6-AA67-45C6-8B7C-22906FA79E9E}.Debug|Mixed Platforms.Build.0 = Debug|x86
		{AAD7C5C6-AA67-45C6-8B7C-22906FA79E9E}.Debug|x86.ActiveCfg = Debug|x86
		{AAD7C5C6-AA67-45C6-8B7C-22906FA79E9E}.Debug|x86.Build.0 = Debug|x86
		{AAD7C5C6-AA67-45C6-8B7C-22906FA79E9E}.Release|Any CPU.ActiveCfg = Release|x86
		{AAD7C5C6-AA67-45C6-8B7C-22906FA79E9E}.Release|Mixed Platforms.ActiveCfg = Release|x86
		{AAD7C5C6-AA67-45C6-8B7C-22906FA79E9E}.Release|Mixed Platforms.Build.0 = Release|x86
		{AAD7C5C6-AA67-45C6-8B7C-22906FA79E9E}.Release|x86.ActiveCfg = Release|x86
		{AAD7C5C6-AA67-45C6-8B7C-22906FA79E9E}.Release|x86.Build.0 = Release|x86
		{53949F64-9A7F-4921-8FE6-C3B4FFC661F3}.Debug|Any CPU.ActiveCfg = Debug|x86
		{53949F64-9A7F-4921-8FE6-C3B4FFC661F3}.Debug|Mixed Platforms.ActiveCfg = Debug|x86
		{53949F64-9A7F-4921-8FE6-C3B4FFC661F3}.Debug|Mixed Platforms.Build.0 = Debug|x86
		{53949F64-9A7F-4921-8FE6-C3B4FFC661F3}.Debug|x86.ActiveCfg = Debug|x86
		{53949F64-9A7F-4921-8FE6-C3B4FFC661F3}.Debug|x86.Build.0 = Debug|x86
		{53949F64-9A7F-4921-8FE6-C3B4FFC661F3}.Release|Any CPU.ActiveCfg = Release|x86
		{53949F64-9A7F-4921-8FE6-C3B4FFC661F3}.Release|Mixed Platforms.ActiveCfg = Release|x86
		{53949F64-9A7F-4921-8FE6-C3B4FFC661F3}.Release|Mixed Platforms.Build.0 = Release|x86
		{53949F64-9A7F-4921-8FE6-C3B4FFC661F3}.Release|x86.ActiveCfg = Release|x86
		{53949F64-9A7F-4921-8FE6-C3B4FFC661F3}.Release|x86.Build.0 = Release|x86
		{EF806BA6-6CAC-4588-A1F3-0DA0BA11E678}.Debug|Any CPU.ActiveCfg = Debug|x86
		{EF806BA6-6CAC-4588-A1F3-0DA0BA11E678}.Debug|Mixed Platforms.ActiveCfg = Debug|x86
		{EF806BA6-6CAC-4588-A1F3-0DA0BA11E678}.Debug|Mixed Platforms.Build.0 = Debug|x86
		{EF806BA6-6CAC-4588-A1F3-0DA0BA11E678}.Debug|x86.ActiveCfg = Debug|x86
		{EF806BA6-6CAC-4588-A1F3-0DA0BA11E678}.Debug|x86.Build.0 = Debug|x86
		{EF806BA6-6CAC-4588-A1F3-0DA0BA11E678}.Release|Any CPU.ActiveCfg = Release|x86
		{EF806BA6-6CAC-4588-A1F3-0DA0BA11E678}.Release|Mixed Platforms.ActiveCfg = Release|x86
		{EF806BA6-6CAC-4588-A1F3-0DA0BA11E678}.Release|Mixed Platforms.Build.0 = Release|x86
		{EF806BA6-6CAC-4588-A1F3-0DA0BA11E678}.Release|x86.ActiveCfg = Release|x86
		{EF806BA6-6CAC-4588-A1F3-0DA0BA11E678}.Release|x86.Build.0 = Release|x86
		{6987879B-44B4-461C-855B-761E9FD68B4D}.Debug|Any CPU.ActiveCfg = Debug|x86
		{6987879B-44B4-461C-855B-761E9FD68B4D}.Debug|Mixed Platforms.ActiveCfg = Debug|x86
		{6987879B-44B4-461C-855B-761E9FD68B4D}.Debug|Mixed Platforms.Build.0 = Debug|x86
		{6987879B-44B4-461C-855B-761E9FD68B4D}.Debug|x86.ActiveCfg = Debug|x86
		{6987879B-44B4-461C-855B-761E9FD68B4D}.Debug|x86.Build.0 = Debug|x86
		{6987879B-44B4-461C-855B-761E9FD68B4D}.Release|Any CPU.ActiveCfg = Release|x86
		{6987879B-44B4-461C-855B-761E9FD68B4D}.Release|Mixed Platforms.ActiveCfg = Release|x86
		{6987879B-44B4-461C-855B-761E9FD68B4D}.Release|Mixed Platforms.Build.0 = Release|x86
		{6987879B-44B4-461C-855B-761E9FD68B4D}.Release|x86.ActiveCfg = Release|x86
		{6987879B-44B4-461C-855B-761E9FD68B4D}.Release|x86.Build.0 = Release|x86
		{FD912488-134B-46F0-AB29-C369C6FF60E3}.Debug|Any CPU.ActiveCfg = Debug|x86
		{FD912488-134B-46F0-AB29-C369C6FF60E3}.Debug|Mixed Platforms.ActiveCfg = Debug|x86
		{FD912488-134B-46F0-AB29-C369C6FF60E3}.Debug|Mixed Platforms.Build.0 = Debug|x86
		{FD912488-134B-46F0-AB29-C369C6FF60E3}.Debug|x86.ActiveCfg = Debug|x86
		{FD912488-134B-46F0-AB29-C369C6FF60E3}.Debug|x86.Build.0 = Debug|x86
		{FD912488-134B-46F0-AB29-C369C6FF60E3}.Release|Any CPU.ActiveCfg = Release|x86
		{FD912488-134B-46F0-AB29-C369C6FF60E3}.Release|Mixed Platforms.ActiveCfg = Release|x86
		{FD912488-134B-46F0-AB29-C369C6FF60E3}.Release|Mixed Platforms.Build.0 = Release|x86
		{FD912488-134B-46F0-AB29-C369C6FF60E3}.Release|x86.ActiveCfg = Release|x86
		{FD912488-134B-46F0-AB29-C369C6FF60E3}.Release|x86.Build.0 = Release|x86
		{48AE92EC-4CB5-474D-B9D1-5EF6DCCF47F4}.Debug|Any CPU.ActiveCfg = Debug|x86
		{48AE92EC-4CB5-474D-B9D1-5EF6DCCF47F4}.Debug|Mixed Platforms.ActiveCfg = Debug|x86
		{48AE92EC-4CB5-474D-B9D1-5EF6DCCF47F4}.Debug|Mixed Platforms.Build.0 = Debug|x86
		{48AE92EC-4CB5-474D-B9D1-5EF6DCCF47F4}.Debug|x86.ActiveCfg = Debug|x86
		{48AE92EC-4CB5-474D-B9D1-5EF6DCCF47F4}.Debug|x86.Build.0 = Debug|x86
		{48AE92EC-4CB5-474D-B9D1-5EF6DCCF47F4}.Release|Any CPU.ActiveCfg = Release|x86
		{48AE92EC-4CB5-474D-B9D1-5EF6DCCF47F4}.Release|Mixed Platforms.ActiveCfg = Release|x86
		{48AE92EC-4CB5-474D-B9D1-5EF6DCCF47F4}.Release|Mixed Platforms.Build.0 = Release|x86
		{48AE92EC-4CB5-474D-B9D1-5EF6DCCF47F4}.Release|x86.ActiveCfg = Release|x86
		{48AE92EC-4CB5-474D-B9D1-5EF6DCCF47F4}.Release|x86.Build.0 = Release|x86
		{773138DC-4A06-4A35-AC7B-55289DCB9F4D}.Debug|Any CPU.ActiveCfg = Debug|x86
		{773138DC-4A06-4A35-AC7B-55289DCB9F4D}.Debug|Mixed Platforms.ActiveCfg = Debug|x86
		{773138DC-4A06-4A35-AC7B-55289DCB9F4D}.Debug|Mixed Platforms.Build.0 = Debug|x86
		{773138DC-4A06-4A35-AC7B-55289DCB9F4D}.Debug|x86.ActiveCfg = Debug|x86
		{773138DC-4A06-4A35-AC7B-55289DCB9F4D}.Debug|x86.Build.0 = Debug|x86
		{773138DC-4A06-4A35-AC7B-55289DCB9F4D}.Release|Any CPU.ActiveCfg = Release|x86
		{773138DC-4A06-4A35-AC7B-55289DCB9F4D}.Release|Mixed Platforms.ActiveCfg = Release|x86
		{773138DC-4A06-4A35-AC7B-55289DCB9F4D}.Release|Mixed Platforms.Build.0 = Release|x86
		{773138DC-4A06-4A35-AC7B-55289DCB9F4D}.Release|x86.ActiveCfg = Release|x86
		{773138DC-4A06-4A35-AC7B-55289DCB9F4D}.Release|x86.Build.0 = Release|x86
		{CED78F4E-3D5F-43CC-99D4-1FD5FE6FF539}.Debug|Any CPU.ActiveCfg = Debug|x86
		{CED78F4E-3D5F-43CC-99D4-1FD5FE6FF539}.Debug|Mixed Platforms.ActiveCfg = Debug|x86
		{CED78F4E-3D5F-43CC-99D4-1FD5FE6FF539}.Debug|Mixed Platforms.Build.0 = Debug|x86
		{CED78F4E-3D5F-43CC-99D4-1FD5FE6FF539}.Debug|x86.ActiveCfg = Debug|x86
		{CED78F4E-3D5F-43CC-99D4-1FD5FE6FF539}.Debug|x86.Build.0 = Debug|x86
		{CED78F4E-3D5F-43CC-99D4-1FD5FE6FF539}.Release|Any CPU.ActiveCfg = Release|x86
		{CED78F4E-3D5F-43CC-99D4-1FD5FE6FF539}.Release|Mixed Platforms.ActiveCfg = Release|x86
		{CED78F4E-3D5F-43CC-99D4-1FD5FE6FF539}.Release|Mixed Platforms.Build.0 = Release|x86
		{CED78F4E-3D5F-43CC-99D4-1FD5FE6FF539}.Release|x86.ActiveCfg = Release|x86
		{CED78F4E-3D5F-43CC-99D4-1FD5FE6FF539}.Release|x86.Build.0 = Release|x86
		{AD3A7FB4-2193-4F9A-9523-7C5DB42C5D06}.Debug|Any CPU.ActiveCfg = Debug|x86
		{AD3A7FB4-2193-4F9A-9523-7C5DB42C5D06}.Debug|Mixed Platforms.ActiveCfg = Debug|x86
		{AD3A7FB4-2193-4F9A-9523-7C5DB42C5D06}.Debug|Mixed Platforms.Build.0 = Debug|x86
		{AD3A7FB4-2193-4F9A-9523-7C5DB42C5D06}.Debug|x86.ActiveCfg = Debug|x86
		{AD3A7FB4-2193-4F9A-9523-7C5DB42C5D06}.Debug|x86.Build.0 = Debug|x86
		{AD3A7FB4-2193-4F9A-9523-7C5DB42C5D06}.Release|Any CPU.ActiveCfg = Release|x86
		{AD3A7FB4-2193-4F9A-9523-7C5DB42C5D06}.Release|Mixed Platforms.ActiveCfg = Release|x86
		{AD3A7FB4-2193-4F9A-9523-7C5DB42C5D06}.Release|Mixed Platforms.Build.0 = Release|x86
		{AD3A7FB4-2193-4F9A-9523-7C5DB42C5D06}.Release|x86.ActiveCfg = Release|x86
		{AD3A7FB4-2193-4F9A-9523-7C5DB42C5D06}.Release|x86.Build.0 = Release|x86
		{7B7242A0-2312-40AB-A927-735D7E49CA88}.Debug|Any CPU.ActiveCfg = Debug|x86
		{7B7242A0-2312-40AB-A927-735D7E49CA88}.Debug|Mixed Platforms.ActiveCfg = Debug|x86
		{7B7242A0-2312-40AB-A927-735D7E49CA88}.Debug|Mixed Platforms.Build.0 = Debug|x86
		{7B7242A0-2312-40AB-A927-735D7E49CA88}.Debug|x86.ActiveCfg = Debug|x86
		{7B7242A0-2312-40AB-A927-735D7E49CA88}.Debug|x86.Build.0 = Debug|x86
		{7B7242A0-2312-40AB-A927-735D7E49CA88}.Release|Any CPU.ActiveCfg = Release|x86
		{7B7242A0-2312-40AB-A927-735D7E49CA88}.Release|Mixed Platforms.ActiveCfg = Release|x86
		{7B7242A0-2312-40AB-A927-735D7E49CA88}.Release|Mixed Platforms.Build.0 = Release|x86
		{7B7242A0-2312-40AB-A927-735D7E49CA88}.Release|x86.ActiveCfg = Release|x86
		{7B7242A0-2312-40AB-A927-735D7E49CA88}.Release|x86.Build.0 = Release|x86
		{0648AB7E-F75C-45A1-BB9F-D974AA21AE85}.Debug|Any CPU.ActiveCfg = Debug|x86
		{0648AB7E-F75C-45A1-BB9F-D974AA21AE85}.Debug|Mixed Platforms.ActiveCfg = Debug|x86
		{0648AB7E-F75C-45A1-BB9F-D974AA21AE85}.Debug|Mixed Platforms.Build.0 = Debug|x86
		{0648AB7E-F75C-45A1-BB9F-D974AA21AE85}.Debug|x86.ActiveCfg = Debug|x86
		{0648AB7E-F75C-45A1-BB9F-D974AA21AE85}.Debug|x86.Build.0 = Debug|x86
		{0648AB7E-F75C-45A1-BB9F-D974AA21AE85}.Release|Any CPU.ActiveCfg = Release|x86
		{0648AB7E-F75C-45A1-BB9F-D974AA21AE85}.Release|Mixed Platforms.ActiveCfg = Release|x86
		{0648AB7E-F75C-45A1-BB9F-D974AA21AE85}.Release|Mixed Platforms.Build.0 = Release|x86
		{0648AB7E-F75C-45A1-BB9F-D974AA21AE85}.Release|x86.ActiveCfg = Release|x86
		{0648AB7E-F75C-45A1-BB9F-D974AA21AE85}.Release|x86.Build.0 = Release|x86
		{F49695B1-0880-4161-BE4B-2DC39C6FA78B}.Debug|Any CPU.ActiveCfg = Debug|x86
		{F49695B1-0880-4161-BE4B-2DC39C6FA78B}.Debug|Mixed Platforms.ActiveCfg = Debug|x86
		{F49695B1-0880-4161-BE4B-2DC39C6FA78B}.Debug|Mixed Platforms.Build.0 = Debug|x86
		{F49695B1-0880-4161-BE4B-2DC39C6FA78B}.Debug|x86.ActiveCfg = Debug|x86
		{F49695B1-0880-4161-BE4B-2DC39C6FA78B}.Debug|x86.Build.0 = Debug|x86
		{F49695B1-0880-4161-BE4B-2DC39C6FA78B}.Release|Any CPU.ActiveCfg = Release|x86
		{F49695B1-0880-4161-BE4B-2DC39C6FA78B}.Release|Mixed Platforms.ActiveCfg = Release|x86
		{F49695B1-0880-4161-BE4B-2DC39C6FA78B}.Release|Mixed Platforms.Build.0 = Release|x86
		{F49695B1-0880-4161-BE4B-2DC39C6FA78B}.Release|x86.ActiveCfg = Release|x86
		{F49695B1-0880-4161-BE4B-2DC39C6FA78B}.Release|x86.Build.0 = Release|x86
		{D5176F3B-A082-47FD-9787-25A575ED873E}.Debug|Any CPU.ActiveCfg = Debug|x86
		{D5176F3B-A082-47FD-9787-25A575ED873E}.Debug|Mixed Platforms.ActiveCfg = Debug|x86
		{D5176F3B-A082-47FD-9787-25A575ED873E}.Debug|Mixed Platforms.Build.0 = Debug|x86
		{D5176F3B-A082-47FD-9787-25A575ED873E}.Debug|x86.ActiveCfg = Debug|x86
		{D5176F3B-A082-47FD-9787-25A575ED873E}.Debug|x86.Build.0 = Debug|x86
		{D5176F3B-A082-47FD-9787-25A575ED873E}.Release|Any CPU.ActiveCfg = Release|x86
		{D5176F3B-A082-47FD-9787-25A575ED873E}.Release|Mixed Platforms.ActiveCfg = Release|x86
		{D5176F3B-A082-47FD-9787-25A575ED873E}.Release|Mixed Platforms.Build.0 = Release|x86
		{D5176F3B-A082-47FD-9787-25A575ED873E}.Release|x86.ActiveCfg = Release|x86
		{D5176F3B-A082-47FD-9787-25A575ED873E}.Release|x86.Build.0 = Release|x86
		{770A3FD2-FBAE-4D33-9C39-71083480315F}.Debug|Any CPU.ActiveCfg = Debug|Any CPU
		{770A3FD2-FBAE-4D33-9C39-71083480315F}.Debug|Any CPU.Build.0 = Debug|Any CPU
		{770A3FD2-FBAE-4D33-9C39-71083480315F}.Debug|Mixed Platforms.ActiveCfg = Debug|Any CPU
		{770A3FD2-FBAE-4D33-9C39-71083480315F}.Debug|Mixed Platforms.Build.0 = Debug|Any CPU
		{770A3FD2-FBAE-4D33-9C39-71083480315F}.Debug|x86.ActiveCfg = Debug|Any CPU
		{770A3FD2-FBAE-4D33-9C39-71083480315F}.Debug|x86.Build.0 = Debug|Any CPU
		{770A3FD2-FBAE-4D33-9C39-71083480315F}.Release|Any CPU.ActiveCfg = Release|Any CPU
		{770A3FD2-FBAE-4D33-9C39-71083480315F}.Release|Any CPU.Build.0 = Release|Any CPU
		{770A3FD2-FBAE-4D33-9C39-71083480315F}.Release|Mixed Platforms.ActiveCfg = Release|Any CPU
		{770A3FD2-FBAE-4D33-9C39-71083480315F}.Release|Mixed Platforms.Build.0 = Release|Any CPU
		{770A3FD2-FBAE-4D33-9C39-71083480315F}.Release|x86.ActiveCfg = Release|Any CPU
		{770A3FD2-FBAE-4D33-9C39-71083480315F}.Release|x86.Build.0 = Release|Any CPU
		{4C55A58C-E80E-4151-88E1-28AF532FFBF9}.Debug|Any CPU.ActiveCfg = Debug|x86
		{4C55A58C-E80E-4151-88E1-28AF532FFBF9}.Debug|Mixed Platforms.ActiveCfg = Debug|x86
		{4C55A58C-E80E-4151-88E1-28AF532FFBF9}.Debug|Mixed Platforms.Build.0 = Debug|x86
		{4C55A58C-E80E-4151-88E1-28AF532FFBF9}.Debug|x86.ActiveCfg = Debug|x86
		{4C55A58C-E80E-4151-88E1-28AF532FFBF9}.Debug|x86.Build.0 = Debug|x86
		{4C55A58C-E80E-4151-88E1-28AF532FFBF9}.Release|Any CPU.ActiveCfg = Release|x86
		{4C55A58C-E80E-4151-88E1-28AF532FFBF9}.Release|Mixed Platforms.ActiveCfg = Release|x86
		{4C55A58C-E80E-4151-88E1-28AF532FFBF9}.Release|Mixed Platforms.Build.0 = Release|x86
		{4C55A58C-E80E-4151-88E1-28AF532FFBF9}.Release|x86.ActiveCfg = Release|x86
		{4C55A58C-E80E-4151-88E1-28AF532FFBF9}.Release|x86.Build.0 = Release|x86
		{71936C9C-BA14-43E9-BFE6-381D3123AB22}.Debug|Any CPU.ActiveCfg = Debug|x86
		{71936C9C-BA14-43E9-BFE6-381D3123AB22}.Debug|Mixed Platforms.ActiveCfg = Debug|x86
		{71936C9C-BA14-43E9-BFE6-381D3123AB22}.Debug|Mixed Platforms.Build.0 = Debug|x86
		{71936C9C-BA14-43E9-BFE6-381D3123AB22}.Debug|x86.ActiveCfg = Debug|x86
		{71936C9C-BA14-43E9-BFE6-381D3123AB22}.Debug|x86.Build.0 = Debug|x86
		{71936C9C-BA14-43E9-BFE6-381D3123AB22}.Release|Any CPU.ActiveCfg = Release|x86
		{71936C9C-BA14-43E9-BFE6-381D3123AB22}.Release|Mixed Platforms.ActiveCfg = Release|x86
		{71936C9C-BA14-43E9-BFE6-381D3123AB22}.Release|Mixed Platforms.Build.0 = Release|x86
		{71936C9C-BA14-43E9-BFE6-381D3123AB22}.Release|x86.ActiveCfg = Release|x86
		{71936C9C-BA14-43E9-BFE6-381D3123AB22}.Release|x86.Build.0 = Release|x86
		{736DB662-F73D-495D-BD78-24DE9E4DF46F}.Debug|Any CPU.ActiveCfg = Debug|x86
		{736DB662-F73D-495D-BD78-24DE9E4DF46F}.Debug|Mixed Platforms.ActiveCfg = Debug|x86
		{736DB662-F73D-495D-BD78-24DE9E4DF46F}.Debug|Mixed Platforms.Build.0 = Debug|x86
		{736DB662-F73D-495D-BD78-24DE9E4DF46F}.Debug|x86.ActiveCfg = Debug|x86
		{736DB662-F73D-495D-BD78-24DE9E4DF46F}.Debug|x86.Build.0 = Debug|x86
		{736DB662-F73D-495D-BD78-24DE9E4DF46F}.Release|Any CPU.ActiveCfg = Release|x86
		{736DB662-F73D-495D-BD78-24DE9E4DF46F}.Release|Mixed Platforms.ActiveCfg = Release|x86
		{736DB662-F73D-495D-BD78-24DE9E4DF46F}.Release|Mixed Platforms.Build.0 = Release|x86
		{736DB662-F73D-495D-BD78-24DE9E4DF46F}.Release|x86.ActiveCfg = Release|x86
		{736DB662-F73D-495D-BD78-24DE9E4DF46F}.Release|x86.Build.0 = Release|x86
		{E3316241-3748-449C-B492-1DF0A5F78C37}.Debug|Any CPU.ActiveCfg = Debug|x86
		{E3316241-3748-449C-B492-1DF0A5F78C37}.Debug|Mixed Platforms.ActiveCfg = Debug|x86
		{E3316241-3748-449C-B492-1DF0A5F78C37}.Debug|Mixed Platforms.Build.0 = Debug|x86
		{E3316241-3748-449C-B492-1DF0A5F78C37}.Debug|x86.ActiveCfg = Debug|x86
		{E3316241-3748-449C-B492-1DF0A5F78C37}.Debug|x86.Build.0 = Debug|x86
		{E3316241-3748-449C-B492-1DF0A5F78C37}.Release|Any CPU.ActiveCfg = Release|x86
		{E3316241-3748-449C-B492-1DF0A5F78C37}.Release|Mixed Platforms.ActiveCfg = Release|x86
		{E3316241-3748-449C-B492-1DF0A5F78C37}.Release|Mixed Platforms.Build.0 = Release|x86
		{E3316241-3748-449C-B492-1DF0A5F78C37}.Release|x86.ActiveCfg = Release|x86
		{E3316241-3748-449C-B492-1DF0A5F78C37}.Release|x86.Build.0 = Release|x86
		{B46D7C37-C17D-4CB5-9D7D-4FFB6BFB2C90}.Debug|Any CPU.ActiveCfg = Debug|x86
		{B46D7C37-C17D-4CB5-9D7D-4FFB6BFB2C90}.Debug|Mixed Platforms.ActiveCfg = Debug|x86
		{B46D7C37-C17D-4CB5-9D7D-4FFB6BFB2C90}.Debug|Mixed Platforms.Build.0 = Debug|x86
		{B46D7C37-C17D-4CB5-9D7D-4FFB6BFB2C90}.Debug|x86.ActiveCfg = Debug|x86
		{B46D7C37-C17D-4CB5-9D7D-4FFB6BFB2C90}.Debug|x86.Build.0 = Debug|x86
		{B46D7C37-C17D-4CB5-9D7D-4FFB6BFB2C90}.Release|Any CPU.ActiveCfg = Release|x86
		{B46D7C37-C17D-4CB5-9D7D-4FFB6BFB2C90}.Release|Mixed Platforms.ActiveCfg = Release|x86
		{B46D7C37-C17D-4CB5-9D7D-4FFB6BFB2C90}.Release|Mixed Platforms.Build.0 = Release|x86
		{B46D7C37-C17D-4CB5-9D7D-4FFB6BFB2C90}.Release|x86.ActiveCfg = Release|x86
		{B46D7C37-C17D-4CB5-9D7D-4FFB6BFB2C90}.Release|x86.Build.0 = Release|x86
		{D1294335-BAC7-4E3E-924C-0BECF69C98F5}.Debug|Any CPU.ActiveCfg = Debug|x86
		{D1294335-BAC7-4E3E-924C-0BECF69C98F5}.Debug|Mixed Platforms.ActiveCfg = Debug|x86
		{D1294335-BAC7-4E3E-924C-0BECF69C98F5}.Debug|Mixed Platforms.Build.0 = Debug|x86
		{D1294335-BAC7-4E3E-924C-0BECF69C98F5}.Debug|x86.ActiveCfg = Debug|x86
		{D1294335-BAC7-4E3E-924C-0BECF69C98F5}.Debug|x86.Build.0 = Debug|x86
		{D1294335-BAC7-4E3E-924C-0BECF69C98F5}.Release|Any CPU.ActiveCfg = Release|x86
		{D1294335-BAC7-4E3E-924C-0BECF69C98F5}.Release|Mixed Platforms.ActiveCfg = Release|x86
		{D1294335-BAC7-4E3E-924C-0BECF69C98F5}.Release|Mixed Platforms.Build.0 = Release|x86
		{D1294335-BAC7-4E3E-924C-0BECF69C98F5}.Release|x86.ActiveCfg = Release|x86
		{D1294335-BAC7-4E3E-924C-0BECF69C98F5}.Release|x86.Build.0 = Release|x86
		{8D0FEF4D-C13C-46E5-97E0-C2864B961DB1}.Debug|Any CPU.ActiveCfg = Debug|x86
		{8D0FEF4D-C13C-46E5-97E0-C2864B961DB1}.Debug|Mixed Platforms.ActiveCfg = Debug|x86
		{8D0FEF4D-C13C-46E5-97E0-C2864B961DB1}.Debug|Mixed Platforms.Build.0 = Debug|x86
		{8D0FEF4D-C13C-46E5-97E0-C2864B961DB1}.Debug|x86.ActiveCfg = Debug|x86
		{8D0FEF4D-C13C-46E5-97E0-C2864B961DB1}.Debug|x86.Build.0 = Debug|x86
		{8D0FEF4D-C13C-46E5-97E0-C2864B961DB1}.Release|Any CPU.ActiveCfg = Release|x86
		{8D0FEF4D-C13C-46E5-97E0-C2864B961DB1}.Release|Mixed Platforms.ActiveCfg = Release|x86
		{8D0FEF4D-C13C-46E5-97E0-C2864B961DB1}.Release|Mixed Platforms.Build.0 = Release|x86
		{8D0FEF4D-C13C-46E5-97E0-C2864B961DB1}.Release|x86.ActiveCfg = Release|x86
		{8D0FEF4D-C13C-46E5-97E0-C2864B961DB1}.Release|x86.Build.0 = Release|x86
		{7BF6C1DF-3BAD-4568-8BC8-FA07941ECBAE}.Debug|Any CPU.ActiveCfg = Debug|x86
		{7BF6C1DF-3BAD-4568-8BC8-FA07941ECBAE}.Debug|Mixed Platforms.ActiveCfg = Debug|x86
		{7BF6C1DF-3BAD-4568-8BC8-FA07941ECBAE}.Debug|Mixed Platforms.Build.0 = Debug|x86
		{7BF6C1DF-3BAD-4568-8BC8-FA07941ECBAE}.Debug|x86.ActiveCfg = Debug|x86
		{7BF6C1DF-3BAD-4568-8BC8-FA07941ECBAE}.Debug|x86.Build.0 = Debug|x86
		{7BF6C1DF-3BAD-4568-8BC8-FA07941ECBAE}.Release|Any CPU.ActiveCfg = Release|x86
		{7BF6C1DF-3BAD-4568-8BC8-FA07941ECBAE}.Release|Mixed Platforms.ActiveCfg = Release|x86
		{7BF6C1DF-3BAD-4568-8BC8-FA07941ECBAE}.Release|Mixed Platforms.Build.0 = Release|x86
		{7BF6C1DF-3BAD-4568-8BC8-FA07941ECBAE}.Release|x86.ActiveCfg = Release|x86
		{7BF6C1DF-3BAD-4568-8BC8-FA07941ECBAE}.Release|x86.Build.0 = Release|x86
		{E0135851-F756-4FEE-A77D-DB98C71F0157}.Debug|Any CPU.ActiveCfg = Debug|x86
		{E0135851-F756-4FEE-A77D-DB98C71F0157}.Debug|Mixed Platforms.ActiveCfg = Debug|x86
		{E0135851-F756-4FEE-A77D-DB98C71F0157}.Debug|Mixed Platforms.Build.0 = Debug|x86
		{E0135851-F756-4FEE-A77D-DB98C71F0157}.Debug|x86.ActiveCfg = Debug|x86
		{E0135851-F756-4FEE-A77D-DB98C71F0157}.Debug|x86.Build.0 = Debug|x86
		{E0135851-F756-4FEE-A77D-DB98C71F0157}.Release|Any CPU.ActiveCfg = Release|x86
		{E0135851-F756-4FEE-A77D-DB98C71F0157}.Release|Mixed Platforms.ActiveCfg = Release|x86
		{E0135851-F756-4FEE-A77D-DB98C71F0157}.Release|Mixed Platforms.Build.0 = Release|x86
		{E0135851-F756-4FEE-A77D-DB98C71F0157}.Release|x86.ActiveCfg = Release|x86
		{E0135851-F756-4FEE-A77D-DB98C71F0157}.Release|x86.Build.0 = Release|x86
		{612C5ACC-D264-45EA-AB00-F5E2B5643055}.Debug|Any CPU.ActiveCfg = Debug|x86
		{612C5ACC-D264-45EA-AB00-F5E2B5643055}.Debug|Mixed Platforms.ActiveCfg = Debug|x86
		{612C5ACC-D264-45EA-AB00-F5E2B5643055}.Debug|Mixed Platforms.Build.0 = Debug|x86
		{612C5ACC-D264-45EA-AB00-F5E2B5643055}.Debug|x86.ActiveCfg = Debug|x86
		{612C5ACC-D264-45EA-AB00-F5E2B5643055}.Debug|x86.Build.0 = Debug|x86
		{612C5ACC-D264-45EA-AB00-F5E2B5643055}.Release|Any CPU.ActiveCfg = Release|x86
		{612C5ACC-D264-45EA-AB00-F5E2B5643055}.Release|Mixed Platforms.ActiveCfg = Release|x86
		{612C5ACC-D264-45EA-AB00-F5E2B5643055}.Release|Mixed Platforms.Build.0 = Release|x86
		{612C5ACC-D264-45EA-AB00-F5E2B5643055}.Release|x86.ActiveCfg = Release|x86
		{612C5ACC-D264-45EA-AB00-F5E2B5643055}.Release|x86.Build.0 = Release|x86
		{D133AD70-4339-49E1-AB07-B9518CCC3AB0}.Debug|Any CPU.ActiveCfg = Debug|x86
		{D133AD70-4339-49E1-AB07-B9518CCC3AB0}.Debug|Mixed Platforms.ActiveCfg = Debug|x86
		{D133AD70-4339-49E1-AB07-B9518CCC3AB0}.Debug|Mixed Platforms.Build.0 = Debug|x86
		{D133AD70-4339-49E1-AB07-B9518CCC3AB0}.Debug|x86.ActiveCfg = Debug|x86
		{D133AD70-4339-49E1-AB07-B9518CCC3AB0}.Debug|x86.Build.0 = Debug|x86
		{D133AD70-4339-49E1-AB07-B9518CCC3AB0}.Release|Any CPU.ActiveCfg = Release|x86
		{D133AD70-4339-49E1-AB07-B9518CCC3AB0}.Release|Mixed Platforms.ActiveCfg = Release|x86
		{D133AD70-4339-49E1-AB07-B9518CCC3AB0}.Release|Mixed Platforms.Build.0 = Release|x86
		{D133AD70-4339-49E1-AB07-B9518CCC3AB0}.Release|x86.ActiveCfg = Release|x86
		{D133AD70-4339-49E1-AB07-B9518CCC3AB0}.Release|x86.Build.0 = Release|x86
		{6E5A9753-9803-428C-8FEC-387E960CF8F5}.Debug|Any CPU.ActiveCfg = Debug|x86
		{6E5A9753-9803-428C-8FEC-387E960CF8F5}.Debug|Mixed Platforms.ActiveCfg = Debug|x86
		{6E5A9753-9803-428C-8FEC-387E960CF8F5}.Debug|Mixed Platforms.Build.0 = Debug|x86
		{6E5A9753-9803-428C-8FEC-387E960CF8F5}.Debug|x86.ActiveCfg = Debug|x86
		{6E5A9753-9803-428C-8FEC-387E960CF8F5}.Debug|x86.Build.0 = Debug|x86
		{6E5A9753-9803-428C-8FEC-387E960CF8F5}.Release|Any CPU.ActiveCfg = Release|x86
		{6E5A9753-9803-428C-8FEC-387E960CF8F5}.Release|Mixed Platforms.ActiveCfg = Release|x86
		{6E5A9753-9803-428C-8FEC-387E960CF8F5}.Release|Mixed Platforms.Build.0 = Release|x86
		{6E5A9753-9803-428C-8FEC-387E960CF8F5}.Release|x86.ActiveCfg = Release|x86
		{6E5A9753-9803-428C-8FEC-387E960CF8F5}.Release|x86.Build.0 = Release|x86
		{CD02E043-B1B5-47DB-B373-3A507477E848}.Debug|Any CPU.ActiveCfg = Debug|Any CPU
		{CD02E043-B1B5-47DB-B373-3A507477E848}.Debug|Any CPU.Build.0 = Debug|Any CPU
		{CD02E043-B1B5-47DB-B373-3A507477E848}.Debug|Mixed Platforms.ActiveCfg = Debug|Any CPU
		{CD02E043-B1B5-47DB-B373-3A507477E848}.Debug|Mixed Platforms.Build.0 = Debug|Any CPU
		{CD02E043-B1B5-47DB-B373-3A507477E848}.Debug|x86.ActiveCfg = Debug|Any CPU
		{CD02E043-B1B5-47DB-B373-3A507477E848}.Debug|x86.Build.0 = Debug|Any CPU
		{CD02E043-B1B5-47DB-B373-3A507477E848}.Release|Any CPU.ActiveCfg = Release|Any CPU
		{CD02E043-B1B5-47DB-B373-3A507477E848}.Release|Any CPU.Build.0 = Release|Any CPU
		{CD02E043-B1B5-47DB-B373-3A507477E848}.Release|Mixed Platforms.ActiveCfg = Release|Any CPU
		{CD02E043-B1B5-47DB-B373-3A507477E848}.Release|Mixed Platforms.Build.0 = Release|Any CPU
		{CD02E043-B1B5-47DB-B373-3A507477E848}.Release|x86.ActiveCfg = Release|Any CPU
		{CD02E043-B1B5-47DB-B373-3A507477E848}.Release|x86.Build.0 = Release|Any CPU
		{5A18E11C-FBBF-4752-90C2-4898DA689538}.Debug|Any CPU.ActiveCfg = Debug|x86
		{5A18E11C-FBBF-4752-90C2-4898DA689538}.Debug|Mixed Platforms.ActiveCfg = Debug|x86
		{5A18E11C-FBBF-4752-90C2-4898DA689538}.Debug|Mixed Platforms.Build.0 = Debug|x86
		{5A18E11C-FBBF-4752-90C2-4898DA689538}.Debug|x86.ActiveCfg = Debug|x86
		{5A18E11C-FBBF-4752-90C2-4898DA689538}.Debug|x86.Build.0 = Debug|x86
		{5A18E11C-FBBF-4752-90C2-4898DA689538}.Release|Any CPU.ActiveCfg = Release|x86
		{5A18E11C-FBBF-4752-90C2-4898DA689538}.Release|Mixed Platforms.ActiveCfg = Release|x86
		{5A18E11C-FBBF-4752-90C2-4898DA689538}.Release|Mixed Platforms.Build.0 = Release|x86
		{5A18E11C-FBBF-4752-90C2-4898DA689538}.Release|x86.ActiveCfg = Release|x86
		{5A18E11C-FBBF-4752-90C2-4898DA689538}.Release|x86.Build.0 = Release|x86
		{1058F92B-7311-42F0-92B9-D91A801F823B}.Debug|Any CPU.ActiveCfg = Debug|x86
		{1058F92B-7311-42F0-92B9-D91A801F823B}.Debug|Mixed Platforms.ActiveCfg = Debug|x86
		{1058F92B-7311-42F0-92B9-D91A801F823B}.Debug|Mixed Platforms.Build.0 = Debug|x86
		{1058F92B-7311-42F0-92B9-D91A801F823B}.Debug|x86.ActiveCfg = Debug|x86
		{1058F92B-7311-42F0-92B9-D91A801F823B}.Debug|x86.Build.0 = Debug|x86
		{1058F92B-7311-42F0-92B9-D91A801F823B}.Release|Any CPU.ActiveCfg = Release|x86
		{1058F92B-7311-42F0-92B9-D91A801F823B}.Release|Mixed Platforms.ActiveCfg = Release|x86
		{1058F92B-7311-42F0-92B9-D91A801F823B}.Release|Mixed Platforms.Build.0 = Release|x86
		{1058F92B-7311-42F0-92B9-D91A801F823B}.Release|x86.ActiveCfg = Release|x86
		{1058F92B-7311-42F0-92B9-D91A801F823B}.Release|x86.Build.0 = Release|x86
	EndGlobalSection
	GlobalSection(SolutionProperties) = preSolution
		HideSolutionNode = FALSE
	EndGlobalSection
	GlobalSection(NestedProjects) = preSolution
		{53949F64-9A7F-4921-8FE6-C3B4FFC661F3} = {7E7B9E08-7013-427D-AF93-E2E7DB141B4A}
		{EF806BA6-6CAC-4588-A1F3-0DA0BA11E678} = {7E7B9E08-7013-427D-AF93-E2E7DB141B4A}
		{6987879B-44B4-461C-855B-761E9FD68B4D} = {7E7B9E08-7013-427D-AF93-E2E7DB141B4A}
		{FD912488-134B-46F0-AB29-C369C6FF60E3} = {7E7B9E08-7013-427D-AF93-E2E7DB141B4A}
		{48AE92EC-4CB5-474D-B9D1-5EF6DCCF47F4} = {151A83BF-4331-4A5F-AF23-E6EE77E0A4CE}
		{773138DC-4A06-4A35-AC7B-55289DCB9F4D} = {1E337B71-FD70-43CA-B79E-C52F03D0EC45}
		{CED78F4E-3D5F-43CC-99D4-1FD5FE6FF539} = {151A83BF-4331-4A5F-AF23-E6EE77E0A4CE}
		{AD3A7FB4-2193-4F9A-9523-7C5DB42C5D06} = {1E337B71-FD70-43CA-B79E-C52F03D0EC45}
		{7B7242A0-2312-40AB-A927-735D7E49CA88} = {1E337B71-FD70-43CA-B79E-C52F03D0EC45}
		{0648AB7E-F75C-45A1-BB9F-D974AA21AE85} = {7FC887F7-D0D5-4334-B53C-DC10810D8666}
		{F49695B1-0880-4161-BE4B-2DC39C6FA78B} = {1E337B71-FD70-43CA-B79E-C52F03D0EC45}
		{D5176F3B-A082-47FD-9787-25A575ED873E} = {7FC887F7-D0D5-4334-B53C-DC10810D8666}
		{770A3FD2-FBAE-4D33-9C39-71083480315F} = {EAF6B06E-14C8-42BE-85C4-DD1A305AB790}
		{4C55A58C-E80E-4151-88E1-28AF532FFBF9} = {13E3B565-E401-4C23-9663-DCF485D8B565}
		{71936C9C-BA14-43E9-BFE6-381D3123AB22} = {779D7974-DE7E-47D0-BDF6-6E57AFB4D128}
		{736DB662-F73D-495D-BD78-24DE9E4DF46F} = {779D7974-DE7E-47D0-BDF6-6E57AFB4D128}
		{E3316241-3748-449C-B492-1DF0A5F78C37} = {779D7974-DE7E-47D0-BDF6-6E57AFB4D128}
		{8D0FEF4D-C13C-46E5-97E0-C2864B961DB1} = {A0D08C54-DCE5-4607-98C5-F3165A83600C}
		{D133AD70-4339-49E1-AB07-B9518CCC3AB0} = {91779B93-EE10-44CF-92C8-70B76E6FD0DD}
		{6E5A9753-9803-428C-8FEC-387E960CF8F5} = {91779B93-EE10-44CF-92C8-70B76E6FD0DD}
		{1058F92B-7311-42F0-92B9-D91A801F823B} = {FEB47EE1-574B-4C1F-B02F-8F5E09F1D665}
	EndGlobalSection
	GlobalSection(ExtensibilityGlobals) = postSolution
		SolutionGuid = {1653CC07-56A8-452F-A68C-B3E2F5F0361C}
	EndGlobalSection
EndGlobal
