
Microsoft Visual Studio Solution File, Format Version 12.00
# Visual Studio 2015
Project("{FAE04EC0-301F-11D3-BF4B-00C04F79EFBC}") = "PacManAnimated.CSharp", "PacManAnimated.CSharp.csproj", "{220E5DBE-F198-B93A-AD27-1C5058473950}"
EndProject
Global
	GlobalSection(SolutionConfigurationPlatforms) = preSolution
		Debug|Any CPU = Debug|Any CPU
		Release|Any CPU = Release|Any CPU
	EndGlobalSection
	GlobalSection(ProjectConfigurationPlatforms) = postSolution
		{220E5DBE-F198-B93A-AD27-1C5058473950}.Debug|Any CPU.ActiveCfg = Debug|Any CPU
		{220E5DBE-F198-B93A-AD27-1C5058473950}.Debug|Any CPU.Build.0 = Debug|Any CPU
		{220E5DBE-F198-B93A-AD27-1C5058473950}.Release|Any CPU.ActiveCfg = Release|Any CPU
		{220E5DBE-F198-B93A-AD27-1C5058473950}.Release|Any CPU.Build.0 = Release|Any CPU
	EndGlobalSection
	GlobalSection(SolutionProperties) = preSolution
		HideSolutionNode = FALSE
	EndGlobalSection
EndGlobal
