
Microsoft Visual Studio Solution File, Format Version 12.00
# Visual Studio 14
VisualStudioVersion = 14.0.25420.1
MinimumVisualStudioVersion = 10.0.40219.1
Project("{FAE04EC0-301F-11D3-BF4B-00C04F79EFBC}") = "WindowsProject", "WindowsProject\WindowsProject.csproj", "{ECCFECB9-08F7-46A8-B88C-B060F5DB95F9}"
EndProject
Project("{FAE04EC0-301F-11D3-BF4B-00C04F79EFBC}") = "CrossPlatformDesktopProject", "CrossPlatformDesktopProject\CrossPlatformDesktopProject.csproj", "{323087D6-9950-449C-B0C5-81ED3EFE4391}"
EndProject
Project("{FAE04EC0-301F-11D3-BF4B-00C04F79EFBC}") = "MonoGameLibrary", "MonoGameLibrary\MonoGameLibrary.csproj", "{AAD7C5C6-AA67-45C6-8B7C-22906FA79E9E}"
EndProject
Project("{FAE04EC0-301F-11D3-BF4B-00C04F79EFBC}") = "FontsAndTexture2D", "FontsAndTexture2D\FontsAndTexture2D.csproj", "{E171FB38-B663-47DA-838D-82E714A394DC}"
EndProject
Project("{FAE04EC0-301F-11D3-BF4B-00C04F79EFBC}") = "SimpleUpdateMovement", "SimpleUpdateMovement\SimpleUpdateMovement.csproj", "{53949F64-9A7F-4921-8FE6-C3B4FFC661F3}"
EndProject
Project("{FAE04EC0-301F-11D3-BF4B-00C04F79EFBC}") = "SimpleUpdateMovementWState", "SimpleUpdateMovementWState\SimpleUpdateMovementWState.csproj", "{EF806BA6-6CAC-4588-A1F3-0DA0BA11E678}"
EndProject
Project("{FAE04EC0-301F-11D3-BF4B-00C04F79EFBC}") = "SimpleMovementWGravity", "SimpleMovementWGravity\SimpleMovementWGravity.csproj", "{6987879B-44B4-461C-855B-761E9FD68B4D}"
EndProject
Project("{2150E333-8FDC-42A3-9474-1A3956D46DE8}") = "Week1", "Week1", "{FEB47EE1-574B-4C1F-B02F-8F5E09F1D665}"
EndProject
Project("{2150E333-8FDC-42A3-9474-1A3956D46DE8}") = "Week2", "Week2", "{7E7B9E08-7013-427D-AF93-E2E7DB141B4A}"
EndProject
Project("{FAE04EC0-301F-11D3-BF4B-00C04F79EFBC}") = "SimpleMovementJump", "SimpleMovementJump\SimpleMovementJump.csproj", "{FD912488-134B-46F0-AB29-C369C6FF60E3}"
EndProject
Project("{2150E333-8FDC-42A3-9474-1A3956D46DE8}") = "Console", "Console", "{EAF6B06E-14C8-42BE-85C4-DD1A305AB790}"
EndProject
Project("{FAE04EC0-301F-11D3-BF4B-00C04F79EFBC}") = "ConsoleApplicationObserver", "ConsoleApplicationObserver\ConsoleApplicationObserver.csproj", "{CD02E043-B1B5-47DB-B373-3A507477E848}"
EndProject
Project("{FAE04EC0-301F-11D3-BF4B-00C04F79EFBC}") = "ConsoleApplicationPacManObserver", "ConsoleApplicationPacManObserver\ConsoleApplicationPacManObserver.csproj", "{50ED1AF5-899D-4BB0-A64E-80A4C30D1CBC}"
EndProject
Project("{FAE04EC0-301F-11D3-BF4B-00C04F79EFBC}") = "ConsoleApplicationStrategyWeapons", "ConsoleApplicationStrategyWeapons\ConsoleApplicationStrategyWeapons.csproj", "{7272E621-C7BE-41DE-9805-48D6736987F9}"
EndProject
Project("{2150E333-8FDC-42A3-9474-1A3956D46DE8}") = "ThreeDee", "ThreeDee", "{4DA5DA38-A06D-44AC-95A2-10DC68533B53}"
EndProject
Project("{FAE04EC0-301F-11D3-BF4B-00C04F79EFBC}") = "VerticiesSimple", "VerticiesSimple\VerticiesSimple.csproj", "{91555EEA-6FC8-4DA3-804B-4465194530D8}"
EndProject
Project("{2150E333-8FDC-42A3-9474-1A3956D46DE8}") = "Week3", "Week3", "{151A83BF-4331-4A5F-AF23-E6EE77E0A4CE}"
EndProject
Project("{FAE04EC0-301F-11D3-BF4B-00C04F79EFBC}") = "SpritebatchOptions", "SpritebatchOptions\SpritebatchOptions.csproj", "{48AE92EC-4CB5-474D-B9D1-5EF6DCCF47F4}"
EndProject
Project("{2150E333-8FDC-42A3-9474-1A3956D46DE8}") = "Week4", "Week4", "{1E337B71-FD70-43CA-B79E-C52F03D0EC45}"
EndProject
Project("{FAE04EC0-301F-11D3-BF4B-00C04F79EFBC}") = "PacManSprite2Component", "PacManSprite2Component\PacManSprite2Component.csproj", "{773138DC-4A06-4A35-AC7B-55289DCB9F4D}"
EndProject
Project("{FAE04EC0-301F-11D3-BF4B-00C04F79EFBC}") = "SimpleMovementWRotate", "SimpleMovementWRotate\SimpleMovementWRotate.csproj", "{CED78F4E-3D5F-43CC-99D4-1FD5FE6FF539}"
EndProject
Global
	GlobalSection(SolutionConfigurationPlatforms) = preSolution
		Debug|Any CPU = Debug|Any CPU
		Debug|Mixed Platforms = Debug|Mixed Platforms
		Debug|x86 = Debug|x86
		Release|Any CPU = Release|Any CPU
		Release|Mixed Platforms = Release|Mixed Platforms
		Release|x86 = Release|x86
	EndGlobalSection
	GlobalSection(ProjectConfigurationPlatforms) = postSolution
		{ECCFECB9-08F7-46A8-B88C-B060F5DB95F9}.Debug|Any CPU.ActiveCfg = Debug|x86
		{ECCFECB9-08F7-46A8-B88C-B060F5DB95F9}.Debug|Mixed Platforms.ActiveCfg = Debug|x86
		{ECCFECB9-08F7-46A8-B88C-B060F5DB95F9}.Debug|Mixed Platforms.Build.0 = Debug|x86
		{ECCFECB9-08F7-46A8-B88C-B060F5DB95F9}.Debug|x86.ActiveCfg = Debug|x86
		{ECCFECB9-08F7-46A8-B88C-B060F5DB95F9}.Debug|x86.Build.0 = Debug|x86
		{ECCFECB9-08F7-46A8-B88C-B060F5DB95F9}.Release|Any CPU.ActiveCfg = Release|x86
		{ECCFECB9-08F7-46A8-B88C-B060F5DB95F9}.Release|Mixed Platforms.ActiveCfg = Release|x86
		{ECCFECB9-08F7-46A8-B88C-B060F5DB95F9}.Release|Mixed Platforms.Build.0 = Release|x86
		{ECCFECB9-08F7-46A8-B88C-B060F5DB95F9}.Release|x86.ActiveCfg = Release|x86
		{ECCFECB9-08F7-46A8-B88C-B060F5DB95F9}.Release|x86.Build.0 = Release|x86
		{323087D6-9950-449C-B0C5-81ED3EFE4391}.Debug|Any CPU.ActiveCfg = Debug|x86
		{323087D6-9950-449C-B0C5-81ED3EFE4391}.Debug|Mixed Platforms.ActiveCfg = Debug|x86
		{323087D6-9950-449C-B0C5-81ED3EFE4391}.Debug|Mixed Platforms.Build.0 = Debug|x86
		{323087D6-9950-449C-B0C5-81ED3EFE4391}.Debug|x86.ActiveCfg = Debug|x86
		{323087D6-9950-449C-B0C5-81ED3EFE4391}.Debug|x86.Build.0 = Debug|x86
		{323087D6-9950-449C-B0C5-81ED3EFE4391}.Release|Any CPU.ActiveCfg = Release|x86
		{323087D6-9950-449C-B0C5-81ED3EFE4391}.Release|Mixed Platforms.ActiveCfg = Release|x86
		{323087D6-9950-449C-B0C5-81ED3EFE4391}.Release|Mixed Platforms.Build.0 = Release|x86
		{323087D6-9950-449C-B0C5-81ED3EFE4391}.Release|x86.ActiveCfg = Release|x86
		{323087D6-9950-449C-B0C5-81ED3EFE4391}.Release|x86.Build.0 = Release|x86
		{AAD7C5C6-AA67-45C6-8B7C-22906FA79E9E}.Debug|Any CPU.ActiveCfg = Debug|x86
		{AAD7C5C6-AA67-45C6-8B7C-22906FA79E9E}.Debug|Mixed Platforms.ActiveCfg = Debug|x86
		{AAD7C5C6-AA67-45C6-8B7C-22906FA79E9E}.Debug|Mixed Platforms.Build.0 = Debug|x86
		{AAD7C5C6-AA67-45C6-8B7C-22906FA79E9E}.Debug|x86.ActiveCfg = Debug|x86
		{AAD7C5C6-AA67-45C6-8B7C-22906FA79E9E}.Debug|x86.Build.0 = Debug|x86
		{AAD7C5C6-AA67-45C6-8B7C-22906FA79E9E}.Release|Any CPU.ActiveCfg = Release|x86
		{AAD7C5C6-AA67-45C6-8B7C-22906FA79E9E}.Release|Mixed Platforms.ActiveCfg = Release|x86
		{AAD7C5C6-AA67-45C6-8B7C-22906FA79E9E}.Release|Mixed Platforms.Build.0 = Release|x86
		{AAD7C5C6-AA67-45C6-8B7C-22906FA79E9E}.Release|x86.ActiveCfg = Release|x86
		{AAD7C5C6-AA67-45C6-8B7C-22906FA79E9E}.Release|x86.Build.0 = Release|x86
		{E171FB38-B663-47DA-838D-82E714A394DC}.Debug|Any CPU.ActiveCfg = Debug|x86
		{E171FB38-B663-47DA-838D-82E714A394DC}.Debug|Mixed Platforms.ActiveCfg = Debug|x86
		{E171FB38-B663-47DA-838D-82E714A394DC}.Debug|Mixed Platforms.Build.0 = Debug|x86
		{E171FB38-B663-47DA-838D-82E714A394DC}.Debug|x86.ActiveCfg = Debug|x86
		{E171FB38-B663-47DA-838D-82E714A394DC}.Debug|x86.Build.0 = Debug|x86
		{E171FB38-B663-47DA-838D-82E714A394DC}.Release|Any CPU.ActiveCfg = Release|x86
		{E171FB38-B663-47DA-838D-82E714A394DC}.Release|Mixed Platforms.ActiveCfg = Release|x86
		{E171FB38-B663-47DA-838D-82E714A394DC}.Release|Mixed Platforms.Build.0 = Release|x86
		{E171FB38-B663-47DA-838D-82E714A394DC}.Release|x86.ActiveCfg = Release|x86
		{E171FB38-B663-47DA-838D-82E714A394DC}.Release|x86.Build.0 = Release|x86
		{53949F64-9A7F-4921-8FE6-C3B4FFC661F3}.Debug|Any CPU.ActiveCfg = Debug|x86
		{53949F64-9A7F-4921-8FE6-C3B4FFC661F3}.Debug|Mixed Platforms.ActiveCfg = Debug|x86
		{53949F64-9A7F-4921-8FE6-C3B4FFC661F3}.Debug|Mixed Platforms.Build.0 = Debug|x86
		{53949F64-9A7F-4921-8FE6-C3B4FFC661F3}.Debug|x86.ActiveCfg = Debug|x86
		{53949F64-9A7F-4921-8FE6-C3B4FFC661F3}.Debug|x86.Build.0 = Debug|x86
		{53949F64-9A7F-4921-8FE6-C3B4FFC661F3}.Release|Any CPU.ActiveCfg = Release|x86
		{53949F64-9A7F-4921-8FE6-C3B4FFC661F3}.Release|Mixed Platforms.ActiveCfg = Release|x86
		{53949F64-9A7F-4921-8FE6-C3B4FFC661F3}.Release|Mixed Platforms.Build.0 = Release|x86
		{53949F64-9A7F-4921-8FE6-C3B4FFC661F3}.Release|x86.ActiveCfg = Release|x86
		{53949F64-9A7F-4921-8FE6-C3B4FFC661F3}.Release|x86.Build.0 = Release|x86
		{EF806BA6-6CAC-4588-A1F3-0DA0BA11E678}.Debug|Any CPU.ActiveCfg = Debug|x86
		{EF806BA6-6CAC-4588-A1F3-0DA0BA11E678}.Debug|Mixed Platforms.ActiveCfg = Debug|x86
		{EF806BA6-6CAC-4588-A1F3-0DA0BA11E678}.Debug|Mixed Platforms.Build.0 = Debug|x86
		{EF806BA6-6CAC-4588-A1F3-0DA0BA11E678}.Debug|x86.ActiveCfg = Debug|x86
		{EF806BA6-6CAC-4588-A1F3-0DA0BA11E678}.Debug|x86.Build.0 = Debug|x86
		{EF806BA6-6CAC-4588-A1F3-0DA0BA11E678}.Release|Any CPU.ActiveCfg = Release|x86
		{EF806BA6-6CAC-4588-A1F3-0DA0BA11E678}.Release|Mixed Platforms.ActiveCfg = Release|x86
		{EF806BA6-6CAC-4588-A1F3-0DA0BA11E678}.Release|Mixed Platforms.Build.0 = Release|x86
		{EF806BA6-6CAC-4588-A1F3-0DA0BA11E678}.Release|x86.ActiveCfg = Release|x86
		{EF806BA6-6CAC-4588-A1F3-0DA0BA11E678}.Release|x86.Build.0 = Release|x86
		{6987879B-44B4-461C-855B-761E9FD68B4D}.Debug|Any CPU.ActiveCfg = Debug|x86
		{6987879B-44B4-461C-855B-761E9FD68B4D}.Debug|Mixed Platforms.ActiveCfg = Debug|x86
		{6987879B-44B4-461C-855B-761E9FD68B4D}.Debug|Mixed Platforms.Build.0 = Debug|x86
		{6987879B-44B4-461C-855B-761E9FD68B4D}.Debug|x86.ActiveCfg = Debug|x86
		{6987879B-44B4-461C-855B-761E9FD68B4D}.Debug|x86.Build.0 = Debug|x86
		{6987879B-44B4-461C-855B-761E9FD68B4D}.Release|Any CPU.ActiveCfg = Release|x86
		{6987879B-44B4-461C-855B-761E9FD68B4D}.Release|Mixed Platforms.ActiveCfg = Release|x86
		{6987879B-44B4-461C-855B-761E9FD68B4D}.Release|Mixed Platforms.Build.0 = Release|x86
		{6987879B-44B4-461C-855B-761E9FD68B4D}.Release|x86.ActiveCfg = Release|x86
		{6987879B-44B4-461C-855B-761E9FD68B4D}.Release|x86.Build.0 = Release|x86
		{FD912488-134B-46F0-AB29-C369C6FF60E3}.Debug|Any CPU.ActiveCfg = Debug|x86
		{FD912488-134B-46F0-AB29-C369C6FF60E3}.Debug|Mixed Platforms.ActiveCfg = Debug|x86
		{FD912488-134B-46F0-AB29-C369C6FF60E3}.Debug|Mixed Platforms.Build.0 = Debug|x86
		{FD912488-134B-46F0-AB29-C369C6FF60E3}.Debug|x86.ActiveCfg = Debug|x86
		{FD912488-134B-46F0-AB29-C369C6FF60E3}.Debug|x86.Build.0 = Debug|x86
		{FD912488-134B-46F0-AB29-C369C6FF60E3}.Release|Any CPU.ActiveCfg = Release|x86
		{FD912488-134B-46F0-AB29-C369C6FF60E3}.Release|Mixed Platforms.ActiveCfg = Release|x86
		{FD912488-134B-46F0-AB29-C369C6FF60E3}.Release|Mixed Platforms.Build.0 = Release|x86
		{FD912488-134B-46F0-AB29-C369C6FF60E3}.Release|x86.ActiveCfg = Release|x86
		{FD912488-134B-46F0-AB29-C369C6FF60E3}.Release|x86.Build.0 = Release|x86
		{CD02E043-B1B5-47DB-B373-3A507477E848}.Debug|Any CPU.ActiveCfg = Debug|Any CPU
		{CD02E043-B1B5-47DB-B373-3A507477E848}.Debug|Any CPU.Build.0 = Debug|Any CPU
		{CD02E043-B1B5-47DB-B373-3A507477E848}.Debug|Mixed Platforms.ActiveCfg = Debug|Any CPU
		{CD02E043-B1B5-47DB-B373-3A507477E848}.Debug|Mixed Platforms.Build.0 = Debug|Any CPU
		{CD02E043-B1B5-47DB-B373-3A507477E848}.Debug|x86.ActiveCfg = Debug|Any CPU
		{CD02E043-B1B5-47DB-B373-3A507477E848}.Debug|x86.Build.0 = Debug|Any CPU
		{CD02E043-B1B5-47DB-B373-3A507477E848}.Release|Any CPU.ActiveCfg = Release|Any CPU
		{CD02E043-B1B5-47DB-B373-3A507477E848}.Release|Any CPU.Build.0 = Release|Any CPU
		{CD02E043-B1B5-47DB-B373-3A507477E848}.Release|Mixed Platforms.ActiveCfg = Release|Any CPU
		{CD02E043-B1B5-47DB-B373-3A507477E848}.Release|Mixed Platforms.Build.0 = Release|Any CPU
		{CD02E043-B1B5-47DB-B373-3A507477E848}.Release|x86.ActiveCfg = Release|Any CPU
		{CD02E043-B1B5-47DB-B373-3A507477E848}.Release|x86.Build.0 = Release|Any CPU
		{50ED1AF5-899D-4BB0-A64E-80A4C30D1CBC}.Debug|Any CPU.ActiveCfg = Debug|Any CPU
		{50ED1AF5-899D-4BB0-A64E-80A4C30D1CBC}.Debug|Any CPU.Build.0 = Debug|Any CPU
		{50ED1AF5-899D-4BB0-A64E-80A4C30D1CBC}.Debug|Mixed Platforms.ActiveCfg = Debug|Any CPU
		{50ED1AF5-899D-4BB0-A64E-80A4C30D1CBC}.Debug|Mixed Platforms.Build.0 = Debug|Any CPU
		{50ED1AF5-899D-4BB0-A64E-80A4C30D1CBC}.Debug|x86.ActiveCfg = Debug|Any CPU
		{50ED1AF5-899D-4BB0-A64E-80A4C30D1CBC}.Debug|x86.Build.0 = Debug|Any CPU
		{50ED1AF5-899D-4BB0-A64E-80A4C30D1CBC}.Release|Any CPU.ActiveCfg = Release|Any CPU
		{50ED1AF5-899D-4BB0-A64E-80A4C30D1CBC}.Release|Any CPU.Build.0 = Release|Any CPU
		{50ED1AF5-899D-4BB0-A64E-80A4C30D1CBC}.Release|Mixed Platforms.ActiveCfg = Release|Any CPU
		{50ED1AF5-899D-4BB0-A64E-80A4C30D1CBC}.Release|Mixed Platforms.Build.0 = Release|Any CPU
		{50ED1AF5-899D-4BB0-A64E-80A4C30D1CBC}.Release|x86.ActiveCfg = Release|Any CPU
		{50ED1AF5-899D-4BB0-A64E-80A4C30D1CBC}.Release|x86.Build.0 = Release|Any CPU
		{7272E621-C7BE-41DE-9805-48D6736987F9}.Debug|Any CPU.ActiveCfg = Debug|Any CPU
		{7272E621-C7BE-41DE-9805-48D6736987F9}.Debug|Any CPU.Build.0 = Debug|Any CPU
		{7272E621-C7BE-41DE-9805-48D6736987F9}.Debug|Mixed Platforms.ActiveCfg = Debug|Any CPU
		{7272E621-C7BE-41DE-9805-48D6736987F9}.Debug|Mixed Platforms.Build.0 = Debug|Any CPU
		{7272E621-C7BE-41DE-9805-48D6736987F9}.Debug|x86.ActiveCfg = Debug|Any CPU
		{7272E621-C7BE-41DE-9805-48D6736987F9}.Debug|x86.Build.0 = Debug|Any CPU
		{7272E621-C7BE-41DE-9805-48D6736987F9}.Release|Any CPU.ActiveCfg = Release|Any CPU
		{7272E621-C7BE-41DE-9805-48D6736987F9}.Release|Any CPU.Build.0 = Release|Any CPU
		{7272E621-C7BE-41DE-9805-48D6736987F9}.Release|Mixed Platforms.ActiveCfg = Release|Any CPU
		{7272E621-C7BE-41DE-9805-48D6736987F9}.Release|Mixed Platforms.Build.0 = Release|Any CPU
		{7272E621-C7BE-41DE-9805-48D6736987F9}.Release|x86.ActiveCfg = Release|Any CPU
		{7272E621-C7BE-41DE-9805-48D6736987F9}.Release|x86.Build.0 = Release|Any CPU
		{91555EEA-6FC8-4DA3-804B-4465194530D8}.Debug|Any CPU.ActiveCfg = Debug|x86
		{91555EEA-6FC8-4DA3-804B-4465194530D8}.Debug|Mixed Platforms.ActiveCfg = Debug|x86
		{91555EEA-6FC8-4DA3-804B-4465194530D8}.Debug|Mixed Platforms.Build.0 = Debug|x86
		{91555EEA-6FC8-4DA3-804B-4465194530D8}.Debug|x86.ActiveCfg = Debug|x86
		{91555EEA-6FC8-4DA3-804B-4465194530D8}.Debug|x86.Build.0 = Debug|x86
		{91555EEA-6FC8-4DA3-804B-4465194530D8}.Release|Any CPU.ActiveCfg = Release|x86
		{91555EEA-6FC8-4DA3-804B-4465194530D8}.Release|Mixed Platforms.ActiveCfg = Release|x86
		{91555EEA-6FC8-4DA3-804B-4465194530D8}.Release|Mixed Platforms.Build.0 = Release|x86
		{91555EEA-6FC8-4DA3-804B-4465194530D8}.Release|x86.ActiveCfg = Release|x86
		{91555EEA-6FC8-4DA3-804B-4465194530D8}.Release|x86.Build.0 = Release|x86
		{48AE92EC-4CB5-474D-B9D1-5EF6DCCF47F4}.Debug|Any CPU.ActiveCfg = Debug|x86
		{48AE92EC-4CB5-474D-B9D1-5EF6DCCF47F4}.Debug|Mixed Platforms.ActiveCfg = Debug|x86
		{48AE92EC-4CB5-474D-B9D1-5EF6DCCF47F4}.Debug|Mixed Platforms.Build.0 = Debug|x86
		{48AE92EC-4CB5-474D-B9D1-5EF6DCCF47F4}.Debug|x86.ActiveCfg = Debug|x86
		{48AE92EC-4CB5-474D-B9D1-5EF6DCCF47F4}.Debug|x86.Build.0 = Debug|x86
		{48AE92EC-4CB5-474D-B9D1-5EF6DCCF47F4}.Release|Any CPU.ActiveCfg = Release|x86
		{48AE92EC-4CB5-474D-B9D1-5EF6DCCF47F4}.Release|Mixed Platforms.ActiveCfg = Release|x86
		{48AE92EC-4CB5-474D-B9D1-5EF6DCCF47F4}.Release|Mixed Platforms.Build.0 = Release|x86
		{48AE92EC-4CB5-474D-B9D1-5EF6DCCF47F4}.Release|x86.ActiveCfg = Release|x86
		{48AE92EC-4CB5-474D-B9D1-5EF6DCCF47F4}.Release|x86.Build.0 = Release|x86
		{773138DC-4A06-4A35-AC7B-55289DCB9F4D}.Debug|Any CPU.ActiveCfg = Debug|x86
		{773138DC-4A06-4A35-AC7B-55289DCB9F4D}.Debug|Mixed Platforms.ActiveCfg = Debug|x86
		{773138DC-4A06-4A35-AC7B-55289DCB9F4D}.Debug|Mixed Platforms.Build.0 = Debug|x86
		{773138DC-4A06-4A35-AC7B-55289DCB9F4D}.Debug|x86.ActiveCfg = Debug|x86
		{773138DC-4A06-4A35-AC7B-55289DCB9F4D}.Debug|x86.Build.0 = Debug|x86
		{773138DC-4A06-4A35-AC7B-55289DCB9F4D}.Release|Any CPU.ActiveCfg = Release|x86
		{773138DC-4A06-4A35-AC7B-55289DCB9F4D}.Release|Mixed Platforms.ActiveCfg = Release|x86
		{773138DC-4A06-4A35-AC7B-55289DCB9F4D}.Release|Mixed Platforms.Build.0 = Release|x86
		{773138DC-4A06-4A35-AC7B-55289DCB9F4D}.Release|x86.ActiveCfg = Release|x86
		{773138DC-4A06-4A35-AC7B-55289DCB9F4D}.Release|x86.Build.0 = Release|x86
		{CED78F4E-3D5F-43CC-99D4-1FD5FE6FF539}.Debug|Any CPU.ActiveCfg = Debug|x86
		{CED78F4E-3D5F-43CC-99D4-1FD5FE6FF539}.Debug|Mixed Platforms.ActiveCfg = Debug|x86
		{CED78F4E-3D5F-43CC-99D4-1FD5FE6FF539}.Debug|Mixed Platforms.Build.0 = Debug|x86
		{CED78F4E-3D5F-43CC-99D4-1FD5FE6FF539}.Debug|x86.ActiveCfg = Debug|x86
		{CED78F4E-3D5F-43CC-99D4-1FD5FE6FF539}.Debug|x86.Build.0 = Debug|x86
		{CED78F4E-3D5F-43CC-99D4-1FD5FE6FF539}.Release|Any CPU.ActiveCfg = Release|x86
		{CED78F4E-3D5F-43CC-99D4-1FD5FE6FF539}.Release|Mixed Platforms.ActiveCfg = Release|x86
		{CED78F4E-3D5F-43CC-99D4-1FD5FE6FF539}.Release|Mixed Platforms.Build.0 = Release|x86
		{CED78F4E-3D5F-43CC-99D4-1FD5FE6FF539}.Release|x86.ActiveCfg = Release|x86
		{CED78F4E-3D5F-43CC-99D4-1FD5FE6FF539}.Release|x86.Build.0 = Release|x86
	EndGlobalSection
	GlobalSection(SolutionProperties) = preSolution
		HideSolutionNode = FALSE
	EndGlobalSection
	GlobalSection(NestedProjects) = preSolution
		{ECCFECB9-08F7-46A8-B88C-B060F5DB95F9} = {FEB47EE1-574B-4C1F-B02F-8F5E09F1D665}
		{323087D6-9950-449C-B0C5-81ED3EFE4391} = {FEB47EE1-574B-4C1F-B02F-8F5E09F1D665}
		{E171FB38-B663-47DA-838D-82E714A394DC} = {FEB47EE1-574B-4C1F-B02F-8F5E09F1D665}
		{53949F64-9A7F-4921-8FE6-C3B4FFC661F3} = {7E7B9E08-7013-427D-AF93-E2E7DB141B4A}
		{EF806BA6-6CAC-4588-A1F3-0DA0BA11E678} = {7E7B9E08-7013-427D-AF93-E2E7DB141B4A}
		{6987879B-44B4-461C-855B-761E9FD68B4D} = {7E7B9E08-7013-427D-AF93-E2E7DB141B4A}
		{FD912488-134B-46F0-AB29-C369C6FF60E3} = {7E7B9E08-7013-427D-AF93-E2E7DB141B4A}
		{CD02E043-B1B5-47DB-B373-3A507477E848} = {EAF6B06E-14C8-42BE-85C4-DD1A305AB790}
		{50ED1AF5-899D-4BB0-A64E-80A4C30D1CBC} = {EAF6B06E-14C8-42BE-85C4-DD1A305AB790}
		{7272E621-C7BE-41DE-9805-48D6736987F9} = {EAF6B06E-14C8-42BE-85C4-DD1A305AB790}
		{91555EEA-6FC8-4DA3-804B-4465194530D8} = {4DA5DA38-A06D-44AC-95A2-10DC68533B53}
		{48AE92EC-4CB5-474D-B9D1-5EF6DCCF47F4} = {151A83BF-4331-4A5F-AF23-E6EE77E0A4CE}
		{773138DC-4A06-4A35-AC7B-55289DCB9F4D} = {1E337B71-FD70-43CA-B79E-C52F03D0EC45}
		{CED78F4E-3D5F-43CC-99D4-1FD5FE6FF539} = {151A83BF-4331-4A5F-AF23-E6EE77E0A4CE}
	EndGlobalSection
EndGlobal
